version = 1
revision = 3
requires-python = ">=3.12"

[[package]]
name = "dill"
version = "0.4.0"
source = { registry = "https://pypi.org/simple" }
sdist = { url = "https://files.pythonhosted.org/packages/12/80/630b4b88364e9a8c8c5797f4602d0f76ef820909ee32f0bacb9f90654042/dill-0.4.0.tar.gz", hash = "sha256:0633f1d2df477324f53a895b02c901fb961bdbf65a17122586ea7019292cbcf0", size = 186976, upload-time = "2025-04-16T00:41:48.867Z" }
wheels = [
    { url = "https://files.pythonhosted.org/packages/50/3d/9373ad9c56321fdab5b41197068e1d8c25883b3fea29dd361f9b55116869/dill-0.4.0-py3-none-any.whl", hash = "sha256:44f54bf6412c2c8464c14e8243eb163690a9800dbe2c367330883b19c7561049", size = 119668, upload-time = "2025-04-16T00:41:47.671Z" },
]

[[package]]
name = "multiprocess"
version = "0.70.18"
source = { registry = "https://pypi.org/simple" }
dependencies = [
    { name = "dill" },
]
sdist = { url = "https://files.pythonhosted.org/packages/72/fd/2ae3826f5be24c6ed87266bc4e59c46ea5b059a103f3d7e7eb76a52aeecb/multiprocess-0.70.18.tar.gz", hash = "sha256:f9597128e6b3e67b23956da07cf3d2e5cba79e2f4e0fba8d7903636663ec6d0d", size = 1798503, upload-time = "2025-04-17T03:11:27.742Z" }
wheels = [
    { url = "https://files.pythonhosted.org/packages/ba/d8/0cba6cf51a1a31f20471fbc823a716170c73012ddc4fb85d706630ed6e8f/multiprocess-0.70.18-py310-none-any.whl", hash = "sha256:60c194974c31784019c1f459d984e8f33ee48f10fcf42c309ba97b30d9bd53ea", size = 134948, upload-time = "2025-04-17T03:11:20.223Z" },
    { url = "https://files.pythonhosted.org/packages/4b/88/9039f2fed1012ef584751d4ceff9ab4a51e5ae264898f0b7cbf44340a859/multiprocess-0.70.18-py311-none-any.whl", hash = "sha256:5aa6eef98e691281b3ad923be2832bf1c55dd2c859acd73e5ec53a66aae06a1d", size = 144462, upload-time = "2025-04-17T03:11:21.657Z" },
    { url = "https://files.pythonhosted.org/packages/bf/b6/5f922792be93b82ec6b5f270bbb1ef031fd0622847070bbcf9da816502cc/multiprocess-0.70.18-py312-none-any.whl", hash = "sha256:9b78f8e5024b573730bfb654783a13800c2c0f2dfc0c25e70b40d184d64adaa2", size = 150287, upload-time = "2025-04-17T03:11:22.69Z" },
    { url = "https://files.pythonhosted.org/packages/ee/25/7d7e78e750bc1aecfaf0efbf826c69a791d2eeaf29cf20cba93ff4cced78/multiprocess-0.70.18-py313-none-any.whl", hash = "sha256:871743755f43ef57d7910a38433cfe41319e72be1bbd90b79c7a5ac523eb9334", size = 151917, upload-time = "2025-04-17T03:11:24.044Z" },
    { url = "https://files.pythonhosted.org/packages/3b/c3/ca84c19bd14cdfc21c388fdcebf08b86a7a470ebc9f5c3c084fc2dbc50f7/multiprocess-0.70.18-py38-none-any.whl", hash = "sha256:dbf705e52a154fe5e90fb17b38f02556169557c2dd8bb084f2e06c2784d8279b", size = 132636, upload-time = "2025-04-17T03:11:24.936Z" },
    { url = "https://files.pythonhosted.org/packages/6c/28/dd72947e59a6a8c856448a5e74da6201cb5502ddff644fbc790e4bd40b9a/multiprocess-0.70.18-py39-none-any.whl", hash = "sha256:e78ca805a72b1b810c690b6b4cc32579eba34f403094bbbae962b7b5bf9dfcb8", size = 133478, upload-time = "2025-04-17T03:11:26.253Z" },
]

[[package]]
name = "pathos"
version = "0.3.4"
source = { registry = "https://pypi.org/simple" }
dependencies = [
    { name = "dill" },
    { name = "multiprocess" },
    { name = "pox" },
    { name = "ppft" },
]
sdist = { url = "https://files.pythonhosted.org/packages/be/90/fdbe3bbfe79933db439e1844083cb6e9d5a9d3b686738549b3d22d06eae7/pathos-0.3.4.tar.gz", hash = "sha256:bad4912d0ef865654a7cc478da65f2e1d5b69f3d92c4a7d9c9845657783c0754", size = 167076, upload-time = "2025-04-17T03:37:08.234Z" }
wheels = [
    { url = "https://files.pythonhosted.org/packages/11/0a/daece46e65c821d153746566a1604ac90338f0279b1fb858a3617eb60472/pathos-0.3.4-py3-none-any.whl", hash = "sha256:fe44883448c05c80d518b61df491b496f6190bb6860253f3254d8c9afb53c340", size = 82261, upload-time = "2025-04-17T03:37:06.936Z" },
]

[[package]]
name = "pox"
version = "0.3.6"
source = { registry = "https://pypi.org/simple" }
sdist = { url = "https://files.pythonhosted.org/packages/56/99/42670d273fd598a6fe98c8b2f593ee425b29e44f2d1a61ff622031204ccd/pox-0.3.6.tar.gz", hash = "sha256:84eeed39600159a62804aacfc00e353edeaae67d8c647ccaaab73a6efed3f605", size = 119393, upload-time = "2025-04-16T00:05:49.811Z" }
wheels = [
    { url = "https://files.pythonhosted.org/packages/0d/c2/6435789c26661bef699868ee54d2763aea636a1ed21ec8e350b1f9f65888/pox-0.3.6-py3-none-any.whl", hash = "sha256:d48654d0a3dca0c9c02dccae54a53c3870286a5217ad306b2bd94f84e008bc1b", size = 29495, upload-time = "2025-04-16T00:05:48.319Z" },
]

[[package]]
name = "ppft"
version = "1.7.7"
source = { registry = "https://pypi.org/simple" }
sdist = { url = "https://files.pythonhosted.org/packages/1d/46/9e9f2ae7e8e284acbde6ab36f7f4a35b273519a60c0ed419af2da780d49f/ppft-1.7.7.tar.gz", hash = "sha256:f3f77448cfe24c2b8d2296b6d8732280b25041a3f3e1f551856c6451d3e01b96", size = 136272, upload-time = "2025-04-16T01:47:40.925Z" }
wheels = [
    { url = "https://files.pythonhosted.org/packages/5b/23/6aef7c24f4ee6f765aeaaaa3bf24cfdb0730a20336a02b1a061d227d84be/ppft-1.7.7-py3-none-any.whl", hash = "sha256:fb7524db110682de886b4bb5b08f7bf6a38940566074ef2f62521cbbd3864676", size = 56764, upload-time = "2025-04-16T01:47:39.453Z" },
]

[[package]]
name = "python-threading"
version = "0.1.0"
source = { virtual = "." }
dependencies = [
    { name = "pathos" },
]

[package.metadata]
requires-dist = [{ name = "pathos", specifier = ">=0.3.4" }]
